Microsoft Visual Studio Solution File, Format Version 8.00
Project("{20D4826A-C6FA-45DB-90F4-C717570B9F32}") = "EgumaWinCETester", "EgumaWinCETester.csdproj", "{F18DF20E-BD48-4616-9803-076918E6C7D2}"
	ProjectSection(ProjectDependencies) = postProject
	EndProjectSection
EndProject
Global
	GlobalSection(SolutionConfiguration) = preSolution
		Debug = Debug
		Release = Release
	EndGlobalSection
	GlobalSection(ProjectConfiguration) = postSolution
		{F18DF20E-BD48-4616-9803-076918E6C7D2}.Debug.ActiveCfg = Debug|Windows CE
		{F18DF20E-BD48-4616-9803-076918E6C7D2}.Debug.Build.0 = Debug|Windows CE
		{F18DF20E-BD48-4616-9803-076918E6C7D2}.Debug.Deploy.0 = Debug|Windows CE
		{F18DF20E-BD48-4616-9803-076918E6C7D2}.Release.ActiveCfg = Release|Windows CE
		{F18DF20E-BD48-4616-9803-076918E6C7D2}.Release.Build.0 = Release|Windows CE
		{F18DF20E-BD48-4616-9803-076918E6C7D2}.Release.Deploy.0 = Release|Windows CE
	EndGlobalSection
	GlobalSection(ExtensibilityGlobals) = postSolution
	EndGlobalSection
	GlobalSection(ExtensibilityAddIns) = postSolution
	EndGlobalSection
EndGlobal
